
Microsoft Visual Studio Solution File, Format Version 12.00
# Visual Studio 15
VisualStudioVersion = 15.0.27703.2026
MinimumVisualStudioVersion = 10.0.40219.1
Project("{FAE04EC0-301F-11D3-BF4B-00C04F79EFBC}") = "Konsola", "Konsola\Konsola.csproj", "{45F90D21-A778-423A-A9A6-F6598AE84017}"
EndProject
Global
	GlobalSection(SolutionConfigurationPlatforms) = preSolution
		Debug|Any CPU = Debug|Any CPU
		Release|Any CPU = Release|Any CPU
	EndGlobalSection
	GlobalSection(ProjectConfigurationPlatforms) = postSolution
		{45F90D21-A778-423A-A9A6-F6598AE84017}.Debug|Any CPU.ActiveCfg = Debug|Any CPU
		{45F90D21-A778-423A-A9A6-F6598AE84017}.Debug|Any CPU.Build.0 = Debug|Any CPU
		{45F90D21-A778-423A-A9A6-F6598AE84017}.Release|Any CPU.ActiveCfg = Release|Any CPU
		{45F90D21-A778-423A-A9A6-F6598AE84017}.Release|Any CPU.Build.0 = Release|Any CPU
	EndGlobalSection
	GlobalSection(SolutionProperties) = preSolution
		HideSolutionNode = FALSE
	EndGlobalSection
	GlobalSection(ExtensibilityGlobals) = postSolution
		SolutionGuid = {2D3039BC-36C2-4841-8D96-6562D918630E}
	EndGlobalSection
EndGlobal
